
Microsoft Visual Studio Solution File, Format Version 12.00
# Visual Studio Version 17
VisualStudioVersion = 17.14.36301.6 d17.14
MinimumVisualStudioVersion = 10.0.40219.1
Project("{FAE04EC0-301F-11D3-BF4B-00C04F79EFBC}") = "Demo", "Demo\Demo.csproj", "{0CC0EC6C-85F3-4AB7-86E1-A2759FD22CA1}"
EndProject
Global
	GlobalSection(SolutionConfigurationPlatforms) = preSolution
		Debug|Any CPU = Debug|Any CPU
		Release|Any CPU = Release|Any CPU
	EndGlobalSection
	GlobalSection(ProjectConfigurationPlatforms) = postSolution
		{0CC0EC6C-85F3-4AB7-86E1-A2759FD22CA1}.Debug|Any CPU.ActiveCfg = Debug|Any CPU
		{0CC0EC6C-85F3-4AB7-86E1-A2759FD22CA1}.Debug|Any CPU.Build.0 = Debug|Any CPU
		{0CC0EC6C-85F3-4AB7-86E1-A2759FD22CA1}.Release|Any CPU.ActiveCfg = Release|Any CPU
		{0CC0EC6C-85F3-4AB7-86E1-A2759FD22CA1}.Release|Any CPU.Build.0 = Release|Any CPU
	EndGlobalSection
	GlobalSection(SolutionProperties) = preSolution
		HideSolutionNode = FALSE
	EndGlobalSection
	GlobalSection(ExtensibilityGlobals) = postSolution
		SolutionGuid = {0D880DED-C99E-4299-946C-B06AE6D3A9BD}
	EndGlobalSection
EndGlobal
